
Microsoft Visual Studio Solution File, Format Version 12.00
# Visual Studio Version 17
VisualStudioVersion = 17.7.34202.233
MinimumVisualStudioVersion = 10.0.40219.1
Project("{9A19103F-16F7-4668-BE54-9A1E7A4F7556}") = "CachingDemo.Web", "CachingDemo.Web\CachingDemo.Web.csproj", "{5708093B-D12E-4D0F-B36D-3BA488BA2688}"
EndProject
Project("{FAE04EC0-301F-11D3-BF4B-00C04F79EFBC}") = "CachingDemo.Core", "CachingDemo.Core\CachingDemo.Core.csproj", "{C4519594-DBC0-4D3F-B1BC-1B90CC11EBFD}"
EndProject
Project("{FAE04EC0-301F-11D3-BF4B-00C04F79EFBC}") = "CachingDemo.Infrastruture", "CachingDemo.Infrastruture\CachingDemo.Infrastruture.csproj", "{9BE85C5F-6F01-405E-B1CC-CA9F6D9FA2C0}"
EndProject
Global
	GlobalSection(SolutionConfigurationPlatforms) = preSolution
		Debug|Any CPU = Debug|Any CPU
		Release|Any CPU = Release|Any CPU
	EndGlobalSection
	GlobalSection(ProjectConfigurationPlatforms) = postSolution
		{5708093B-D12E-4D0F-B36D-3BA488BA2688}.Debug|Any CPU.ActiveCfg = Debug|Any CPU
		{5708093B-D12E-4D0F-B36D-3BA488BA2688}.Debug|Any CPU.Build.0 = Debug|Any CPU
		{5708093B-D12E-4D0F-B36D-3BA488BA2688}.Release|Any CPU.ActiveCfg = Release|Any CPU
		{5708093B-D12E-4D0F-B36D-3BA488BA2688}.Release|Any CPU.Build.0 = Release|Any CPU
		{C4519594-DBC0-4D3F-B1BC-1B90CC11EBFD}.Debug|Any CPU.ActiveCfg = Debug|Any CPU
		{C4519594-DBC0-4D3F-B1BC-1B90CC11EBFD}.Debug|Any CPU.Build.0 = Debug|Any CPU
		{C4519594-DBC0-4D3F-B1BC-1B90CC11EBFD}.Release|Any CPU.ActiveCfg = Release|Any CPU
		{C4519594-DBC0-4D3F-B1BC-1B90CC11EBFD}.Release|Any CPU.Build.0 = Release|Any CPU
		{9BE85C5F-6F01-405E-B1CC-CA9F6D9FA2C0}.Debug|Any CPU.ActiveCfg = Debug|Any CPU
		{9BE85C5F-6F01-405E-B1CC-CA9F6D9FA2C0}.Debug|Any CPU.Build.0 = Debug|Any CPU
		{9BE85C5F-6F01-405E-B1CC-CA9F6D9FA2C0}.Release|Any CPU.ActiveCfg = Release|Any CPU
		{9BE85C5F-6F01-405E-B1CC-CA9F6D9FA2C0}.Release|Any CPU.Build.0 = Release|Any CPU
	EndGlobalSection
	GlobalSection(SolutionProperties) = preSolution
		HideSolutionNode = FALSE
	EndGlobalSection
	GlobalSection(ExtensibilityGlobals) = postSolution
		SolutionGuid = {737C9704-32A2-4D8E-8C62-1CDAE93235EE}
	EndGlobalSection
EndGlobal
